// !$*UTF8*$!
{
	archiveVersion = 1;
	classes = {
	};
	objectVersion = 55;
	objects = {

/* Begin PBXBuildFile section */
		0163E48C28B5EDA200492686 /* BookListItemViewModel.swift in Sources */ = {isa = PBXBuildFile; fileRef = 0163E48B28B5EDA200492686 /* BookListItemViewModel.swift */; };
		0163E49B28B5F6C500492686 /* BookDetailViewController.swift in Sources */ = {isa = PBXBuildFile; fileRef = 0163E49A28B5F6C500492686 /* BookDetailViewController.swift */; };
		0163E49E28B5F6EA00492686 /* BookDetailViewModel.swift in Sources */ = {isa = PBXBuildFile; fileRef = 0163E49D28B5F6EA00492686 /* BookDetailViewModel.swift */; };
		0163E4A028B6019A00492686 /* BookDetailUseCase.swift in Sources */ = {isa = PBXBuildFile; fileRef = 0163E49F28B6019A00492686 /* BookDetailUseCase.swift */; };
		0163E4A228B601AB00492686 /* BookDetailRepository.swift in Sources */ = {isa = PBXBuildFile; fileRef = 0163E4A128B601AB00492686 /* BookDetailRepository.swift */; };
		0163E4A428B601B700492686 /* BookDetailModel.swift in Sources */ = {isa = PBXBuildFile; fileRef = 0163E4A328B601B700492686 /* BookDetailModel.swift */; };
		0163E4A628B601D700492686 /* DefaultBookDetailRepository.swift in Sources */ = {isa = PBXBuildFile; fileRef = 0163E4A528B601D700492686 /* DefaultBookDetailRepository.swift */; };
		0163E4A828B601E700492686 /* BookDetailAPIEndPoint.swift in Sources */ = {isa = PBXBuildFile; fileRef = 0163E4A728B601E700492686 /* BookDetailAPIEndPoint.swift */; };
		0163E4AA28B601F700492686 /* BookDetailRequestDTO.swift in Sources */ = {isa = PBXBuildFile; fileRef = 0163E4A928B601F700492686 /* BookDetailRequestDTO.swift */; };
		0163E4AC28B6020400492686 /* BookDetailResponseDTO.swift in Sources */ = {isa = PBXBuildFile; fileRef = 0163E4AB28B6020400492686 /* BookDetailResponseDTO.swift */; };
		01F0051D28B4FC6700B82BDB /* AppDelegate.swift in Sources */ = {isa = PBXBuildFile; fileRef = 01F0051C28B4FC6700B82BDB /* AppDelegate.swift */; };
		01F0051F28B4FC6700B82BDB /* SceneDelegate.swift in Sources */ = {isa = PBXBuildFile; fileRef = 01F0051E28B4FC6700B82BDB /* SceneDelegate.swift */; };
		01F0052128B4FC6700B82BDB /* BookListViewController.swift in Sources */ = {isa = PBXBuildFile; fileRef = 01F0052028B4FC6700B82BDB /* BookListViewController.swift */; };
		01F0052428B4FC6700B82BDB /* Main.storyboard in Resources */ = {isa = PBXBuildFile; fileRef = 01F0052228B4FC6700B82BDB /* Main.storyboard */; };
		01F0052628B4FC6D00B82BDB /* Assets.xcassets in Resources */ = {isa = PBXBuildFile; fileRef = 01F0052528B4FC6D00B82BDB /* Assets.xcassets */; };
		01F0052928B4FC6D00B82BDB /* LaunchScreen.storyboard in Resources */ = {isa = PBXBuildFile; fileRef = 01F0052728B4FC6D00B82BDB /* LaunchScreen.storyboard */; };
		01F0054228B4FDE900B82BDB /* BookListViewModel.swift in Sources */ = {isa = PBXBuildFile; fileRef = 01F0054128B4FDE900B82BDB /* BookListViewModel.swift */; };
		01F0054428B4FE6600B82BDB /* NetworkService.swift in Sources */ = {isa = PBXBuildFile; fileRef = 01F0054328B4FE6600B82BDB /* NetworkService.swift */; };
		01F0054628B4FE8400B82BDB /* HttpResponseCodeChecker.swift in Sources */ = {isa = PBXBuildFile; fileRef = 01F0054528B4FE8400B82BDB /* HttpResponseCodeChecker.swift */; };
		01F0054828B4FE9600B82BDB /* ConstantsForNetworking.swift in Sources */ = {isa = PBXBuildFile; fileRef = 01F0054728B4FE9600B82BDB /* ConstantsForNetworking.swift */; };
		01F0054A28B4FEAA00B82BDB /* NetworkingError.swift in Sources */ = {isa = PBXBuildFile; fileRef = 01F0054928B4FEAA00B82BDB /* NetworkingError.swift */; };
		01F0054D28B4FECC00B82BDB /* Constants.swift in Sources */ = {isa = PBXBuildFile; fileRef = 01F0054C28B4FECC00B82BDB /* Constants.swift */; };
		01F0054F28B4FF9000B82BDB /* BookListUseCase.swift in Sources */ = {isa = PBXBuildFile; fileRef = 01F0054E28B4FF9000B82BDB /* BookListUseCase.swift */; };
		01F0055128B4FFAF00B82BDB /* BookListRepository.swift in Sources */ = {isa = PBXBuildFile; fileRef = 01F0055028B4FFAF00B82BDB /* BookListRepository.swift */; };
		01F0055328B4FFC800B82BDB /* BookListModel.swift in Sources */ = {isa = PBXBuildFile; fileRef = 01F0055228B4FFC800B82BDB /* BookListModel.swift */; };
		01F0055628B5000700B82BDB /* DefaultBookListRepository.swift in Sources */ = {isa = PBXBuildFile; fileRef = 01F0055528B5000700B82BDB /* DefaultBookListRepository.swift */; };
		01F0055828B5004500B82BDB /* BookListAPIEndPoint.swift in Sources */ = {isa = PBXBuildFile; fileRef = 01F0055728B5004500B82BDB /* BookListAPIEndPoint.swift */; };
		01F0055A28B5005E00B82BDB /* BookListRequestDTO.swift in Sources */ = {isa = PBXBuildFile; fileRef = 01F0055928B5005E00B82BDB /* BookListRequestDTO.swift */; };
		01F0055C28B5007000B82BDB /* BookListResponseDTO.swift in Sources */ = {isa = PBXBuildFile; fileRef = 01F0055B28B5007000B82BDB /* BookListResponseDTO.swift */; };
		9DE58EE20FA73ADA69E258CF /* Pods_DuneBooks.framework in Frameworks */ = {isa = PBXBuildFile; fileRef = D973347ED95CAE8ACC15E931 /* Pods_DuneBooks.framework */; };
/* End PBXBuildFile section */

/* Begin PBXFileReference section */
		0163E48B28B5EDA200492686 /* BookListItemViewModel.swift */ = {isa = PBXFileReference; lastKnownFileType = sourcecode.swift; path = BookListItemViewModel.swift; sourceTree = "<group>"; };
		0163E49A28B5F6C500492686 /* BookDetailViewController.swift */ = {isa = PBXFileReference; lastKnownFileType = sourcecode.swift; path = BookDetailViewController.swift; sourceTree = "<group>"; };
		0163E49D28B5F6EA00492686 /* BookDetailViewModel.swift */ = {isa = PBXFileReference; lastKnownFileType = sourcecode.swift; path = BookDetailViewModel.swift; sourceTree = "<group>"; };
		0163E49F28B6019A00492686 /* BookDetailUseCase.swift */ = {isa = PBXFileReference; lastKnownFileType = sourcecode.swift; path = BookDetailUseCase.swift; sourceTree = "<group>"; };
		0163E4A128B601AB00492686 /* BookDetailRepository.swift */ = {isa = PBXFileReference; lastKnownFileType = sourcecode.swift; path = BookDetailRepository.swift; sourceTree = "<group>"; };
		0163E4A328B601B700492686 /* BookDetailModel.swift */ = {isa = PBXFileReference; lastKnownFileType = sourcecode.swift; path = BookDetailModel.swift; sourceTree = "<group>"; };
		0163E4A528B601D700492686 /* DefaultBookDetailRepository.swift */ = {isa = PBXFileReference; lastKnownFileType = sourcecode.swift; path = DefaultBookDetailRepository.swift; sourceTree = "<group>"; };
		0163E4A728B601E700492686 /* BookDetailAPIEndPoint.swift */ = {isa = PBXFileReference; lastKnownFileType = sourcecode.swift; path = BookDetailAPIEndPoint.swift; sourceTree = "<group>"; };
		0163E4A928B601F700492686 /* BookDetailRequestDTO.swift */ = {isa = PBXFileReference; lastKnownFileType = sourcecode.swift; path = BookDetailRequestDTO.swift; sourceTree = "<group>"; };
		0163E4AB28B6020400492686 /* BookDetailResponseDTO.swift */ = {isa = PBXFileReference; lastKnownFileType = sourcecode.swift; path = BookDetailResponseDTO.swift; sourceTree = "<group>"; };
		01F0051928B4FC6700B82BDB /* DuneBooks.app */ = {isa = PBXFileReference; explicitFileType = wrapper.application; includeInIndex = 0; path = DuneBooks.app; sourceTree = BUILT_PRODUCTS_DIR; };
		01F0051C28B4FC6700B82BDB /* AppDelegate.swift */ = {isa = PBXFileReference; lastKnownFileType = sourcecode.swift; path = AppDelegate.swift; sourceTree = "<group>"; };
		01F0051E28B4FC6700B82BDB /* SceneDelegate.swift */ = {isa = PBXFileReference; lastKnownFileType = sourcecode.swift; path = SceneDelegate.swift; sourceTree = "<group>"; };
		01F0052028B4FC6700B82BDB /* BookListViewController.swift */ = {isa = PBXFileReference; lastKnownFileType = sourcecode.swift; path = BookListViewController.swift; sourceTree = "<group>"; };
		01F0052328B4FC6700B82BDB /* Base */ = {isa = PBXFileReference; lastKnownFileType = file.storyboard; name = Base; path = Base.lproj/Main.storyboard; sourceTree = "<group>"; };
		01F0052528B4FC6D00B82BDB /* Assets.xcassets */ = {isa = PBXFileReference; lastKnownFileType = folder.assetcatalog; path = Assets.xcassets; sourceTree = "<group>"; };
		01F0052828B4FC6D00B82BDB /* Base */ = {isa = PBXFileReference; lastKnownFileType = file.storyboard; name = Base; path = Base.lproj/LaunchScreen.storyboard; sourceTree = "<group>"; };
		01F0052A28B4FC6D00B82BDB /* Info.plist */ = {isa = PBXFileReference; lastKnownFileType = text.plist.xml; path = Info.plist; sourceTree = "<group>"; };
		01F0054128B4FDE900B82BDB /* BookListViewModel.swift */ = {isa = PBXFileReference; lastKnownFileType = sourcecode.swift; path = BookListViewModel.swift; sourceTree = "<group>"; };
		01F0054328B4FE6600B82BDB /* NetworkService.swift */ = {isa = PBXFileReference; lastKnownFileType = sourcecode.swift; path = NetworkService.swift; sourceTree = "<group>"; };
		01F0054528B4FE8400B82BDB /* HttpResponseCodeChecker.swift */ = {isa = PBXFileReference; lastKnownFileType = sourcecode.swift; path = HttpResponseCodeChecker.swift; sourceTree = "<group>"; };
		01F0054728B4FE9600B82BDB /* ConstantsForNetworking.swift */ = {isa = PBXFileReference; lastKnownFileType = sourcecode.swift; path = ConstantsForNetworking.swift; sourceTree = "<group>"; };
		01F0054928B4FEAA00B82BDB /* NetworkingError.swift */ = {isa = PBXFileReference; lastKnownFileType = sourcecode.swift; path = NetworkingError.swift; sourceTree = "<group>"; };
		01F0054C28B4FECC00B82BDB /* Constants.swift */ = {isa = PBXFileReference; lastKnownFileType = sourcecode.swift; path = Constants.swift; sourceTree = "<group>"; };
		01F0054E28B4FF9000B82BDB /* BookListUseCase.swift */ = {isa = PBXFileReference; lastKnownFileType = sourcecode.swift; path = BookListUseCase.swift; sourceTree = "<group>"; };
		01F0055028B4FFAF00B82BDB /* BookListRepository.swift */ = {isa = PBXFileReference; lastKnownFileType = sourcecode.swift; path = BookListRepository.swift; sourceTree = "<group>"; };
		01F0055228B4FFC800B82BDB /* BookListModel.swift */ = {isa = PBXFileReference; lastKnownFileType = sourcecode.swift; path = BookListModel.swift; sourceTree = "<group>"; };
		01F0055528B5000700B82BDB /* DefaultBookListRepository.swift */ = {isa = PBXFileReference; lastKnownFileType = sourcecode.swift; path = DefaultBookListRepository.swift; sourceTree = "<group>"; };
		01F0055728B5004500B82BDB /* BookListAPIEndPoint.swift */ = {isa = PBXFileReference; lastKnownFileType = sourcecode.swift; path = BookListAPIEndPoint.swift; sourceTree = "<group>"; };
		01F0055928B5005E00B82BDB /* BookListRequestDTO.swift */ = {isa = PBXFileReference; lastKnownFileType = sourcecode.swift; path = BookListRequestDTO.swift; sourceTree = "<group>"; };
		01F0055B28B5007000B82BDB /* BookListResponseDTO.swift */ = {isa = PBXFileReference; lastKnownFileType = sourcecode.swift; path = BookListResponseDTO.swift; sourceTree = "<group>"; };
		62F6A680590A7B7CCF4D9540 /* Pods-DuneBooks.debug.xcconfig */ = {isa = PBXFileReference; includeInIndex = 1; lastKnownFileType = text.xcconfig; name = "Pods-DuneBooks.debug.xcconfig"; path = "Target Support Files/Pods-DuneBooks/Pods-DuneBooks.debug.xcconfig"; sourceTree = "<group>"; };
		7A02F7189DC52ECE555F0A16 /* Pods-DuneBooks.release.xcconfig */ = {isa = PBXFileReference; includeInIndex = 1; lastKnownFileType = text.xcconfig; name = "Pods-DuneBooks.release.xcconfig"; path = "Target Support Files/Pods-DuneBooks/Pods-DuneBooks.release.xcconfig"; sourceTree = "<group>"; };
		D973347ED95CAE8ACC15E931 /* Pods_DuneBooks.framework */ = {isa = PBXFileReference; explicitFileType = wrapper.framework; includeInIndex = 0; path = Pods_DuneBooks.framework; sourceTree = BUILT_PRODUCTS_DIR; };
/* End PBXFileReference section */

/* Begin PBXFrameworksBuildPhase section */
		01F0051628B4FC6700B82BDB /* Frameworks */ = {
			isa = PBXFrameworksBuildPhase;
			buildActionMask = 2147483647;
			files = (
				9DE58EE20FA73ADA69E258CF /* Pods_DuneBooks.framework in Frameworks */,
			);
			runOnlyForDeploymentPostprocessing = 0;
		};
/* End PBXFrameworksBuildPhase section */

/* Begin PBXGroup section */
		0163E48D28B5F5D800492686 /* Presentation */ = {
			isa = PBXGroup;
			children = (
				0163E48F28B5F5EF00492686 /* ViewModel */,
				0163E48E28B5F5E900492686 /* View */,
			);
			path = Presentation;
			sourceTree = "<group>";
		};
		0163E48E28B5F5E900492686 /* View */ = {
			isa = PBXGroup;
			children = (
				0163E49A28B5F6C500492686 /* BookDetailViewController.swift */,
			);
			path = View;
			sourceTree = "<group>";
		};
		0163E48F28B5F5EF00492686 /* ViewModel */ = {
			isa = PBXGroup;
			children = (
				0163E49D28B5F6EA00492686 /* BookDetailViewModel.swift */,
			);
			path = ViewModel;
			sourceTree = "<group>";
		};
		0163E49028B5F60200492686 /* Data */ = {
			isa = PBXGroup;
			children = (
				0163E49128B5F61700492686 /* PersistanceStorage */,
				0163E49428B5F64200492686 /* Repositories */,
				0163E49328B5F63600492686 /* Network */,
				0163E49228B5F62700492686 /* DataMapping */,
			);
			path = Data;
			sourceTree = "<group>";
		};
		0163E49128B5F61700492686 /* PersistanceStorage */ = {
			isa = PBXGroup;
			children = (
			);
			path = PersistanceStorage;
			sourceTree = "<group>";
		};
		0163E49228B5F62700492686 /* DataMapping */ = {
			isa = PBXGroup;
			children = (
				0163E4A928B601F700492686 /* BookDetailRequestDTO.swift */,
				0163E4AB28B6020400492686 /* BookDetailResponseDTO.swift */,
			);
			path = DataMapping;
			sourceTree = "<group>";
		};
		0163E49328B5F63600492686 /* Network */ = {
			isa = PBXGroup;
			children = (
				0163E4A728B601E700492686 /* BookDetailAPIEndPoint.swift */,
			);
			path = Network;
			sourceTree = "<group>";
		};
		0163E49428B5F64200492686 /* Repositories */ = {
			isa = PBXGroup;
			children = (
				0163E4A528B601D700492686 /* DefaultBookDetailRepository.swift */,
			);
			path = Repositories;
			sourceTree = "<group>";
		};
		0163E49528B5F65200492686 /* Domain */ = {
			isa = PBXGroup;
			children = (
				0163E49928B5F69500492686 /* UseCases */,
				0163E49728B5F67C00492686 /* Interfaces */,
				0163E49628B5F66200492686 /* Entities */,
			);
			path = Domain;
			sourceTree = "<group>";
		};
		0163E49628B5F66200492686 /* Entities */ = {
			isa = PBXGroup;
			children = (
				0163E4A328B601B700492686 /* BookDetailModel.swift */,
			);
			path = Entities;
			sourceTree = "<group>";
		};
		0163E49728B5F67C00492686 /* Interfaces */ = {
			isa = PBXGroup;
			children = (
				0163E49828B5F68400492686 /* Repository */,
			);
			path = Interfaces;
			sourceTree = "<group>";
		};
		0163E49828B5F68400492686 /* Repository */ = {
			isa = PBXGroup;
			children = (
				0163E4A128B601AB00492686 /* BookDetailRepository.swift */,
			);
			path = Repository;
			sourceTree = "<group>";
		};
		0163E49928B5F69500492686 /* UseCases */ = {
			isa = PBXGroup;
			children = (
				0163E49F28B6019A00492686 /* BookDetailUseCase.swift */,
			);
			path = UseCases;
			sourceTree = "<group>";
		};
		01F0051028B4FC6700B82BDB = {
			isa = PBXGroup;
			children = (
				01F0051B28B4FC6700B82BDB /* DuneBooks */,
				01F0051A28B4FC6700B82BDB /* Products */,
				D3EBF59239B953556F45D4B1 /* Pods */,
				FB640B477F49A072922EF034 /* Frameworks */,
			);
			sourceTree = "<group>";
		};
		01F0051A28B4FC6700B82BDB /* Products */ = {
			isa = PBXGroup;
			children = (
				01F0051928B4FC6700B82BDB /* DuneBooks.app */,
			);
			name = Products;
			sourceTree = "<group>";
		};
		01F0051B28B4FC6700B82BDB /* DuneBooks */ = {
			isa = PBXGroup;
			children = (
				01F0053E28B4FD4C00B82BDB /* Infrastructure */,
				01F0054B28B4FEBF00B82BDB /* Resources */,
				01F0053128B4FCAB00B82BDB /* BookDetail */,
				01F0053028B4FC9E00B82BDB /* BookList */,
				01F0054028B4FD9600B82BDB /* AppLifecycle */,
				01F0052228B4FC6700B82BDB /* Main.storyboard */,
				01F0052528B4FC6D00B82BDB /* Assets.xcassets */,
				01F0052728B4FC6D00B82BDB /* LaunchScreen.storyboard */,
				01F0052A28B4FC6D00B82BDB /* Info.plist */,
			);
			path = DuneBooks;
			sourceTree = "<group>";
		};
		01F0053028B4FC9E00B82BDB /* BookList */ = {
			isa = PBXGroup;
			children = (
				01F0053428B4FCC800B82BDB /* Presentation */,
				01F0053328B4FCC200B82BDB /* Domain */,
				01F0053228B4FCBD00B82BDB /* Data */,
			);
			path = BookList;
			sourceTree = "<group>";
		};
		01F0053128B4FCAB00B82BDB /* BookDetail */ = {
			isa = PBXGroup;
			children = (
				0163E48D28B5F5D800492686 /* Presentation */,
				0163E49528B5F65200492686 /* Domain */,
				0163E49028B5F60200492686 /* Data */,
			);
			path = BookDetail;
			sourceTree = "<group>";
		};
		01F0053228B4FCBD00B82BDB /* Data */ = {
			isa = PBXGroup;
			children = (
				01F0055D28B50CE000B82BDB /* PersistanceStorage */,
				01F0053D28B4FD2800B82BDB /* Repositories */,
				01F0053C28B4FD2000B82BDB /* Network */,
				01F0053B28B4FD1400B82BDB /* DataMapping */,
			);
			path = Data;
			sourceTree = "<group>";
		};
		01F0053328B4FCC200B82BDB /* Domain */ = {
			isa = PBXGroup;
			children = (
				01F0053A28B4FD0300B82BDB /* UseCases */,
				01F0053828B4FCED00B82BDB /* Interfaces */,
				01F0053728B4FCE600B82BDB /* Entities */,
			);
			path = Domain;
			sourceTree = "<group>";
		};
		01F0053428B4FCC800B82BDB /* Presentation */ = {
			isa = PBXGroup;
			children = (
				01F0053628B4FCD700B82BDB /* ViewModel */,
				01F0053528B4FCD100B82BDB /* View */,
			);
			path = Presentation;
			sourceTree = "<group>";
		};
		01F0053528B4FCD100B82BDB /* View */ = {
			isa = PBXGroup;
			children = (
				01F0052028B4FC6700B82BDB /* BookListViewController.swift */,
			);
			path = View;
			sourceTree = "<group>";
		};
		01F0053628B4FCD700B82BDB /* ViewModel */ = {
			isa = PBXGroup;
			children = (
				01F0054128B4FDE900B82BDB /* BookListViewModel.swift */,
				0163E48B28B5EDA200492686 /* BookListItemViewModel.swift */,
			);
			path = ViewModel;
			sourceTree = "<group>";
		};
		01F0053728B4FCE600B82BDB /* Entities */ = {
			isa = PBXGroup;
			children = (
				01F0055228B4FFC800B82BDB /* BookListModel.swift */,
			);
			path = Entities;
			sourceTree = "<group>";
		};
		01F0053828B4FCED00B82BDB /* Interfaces */ = {
			isa = PBXGroup;
			children = (
				01F0053928B4FCF600B82BDB /* Repository */,
			);
			path = Interfaces;
			sourceTree = "<group>";
		};
		01F0053928B4FCF600B82BDB /* Repository */ = {
			isa = PBXGroup;
			children = (
				01F0055028B4FFAF00B82BDB /* BookListRepository.swift */,
			);
			path = Repository;
			sourceTree = "<group>";
		};
		01F0053A28B4FD0300B82BDB /* UseCases */ = {
			isa = PBXGroup;
			children = (
				01F0054E28B4FF9000B82BDB /* BookListUseCase.swift */,
			);
			path = UseCases;
			sourceTree = "<group>";
		};
		01F0053B28B4FD1400B82BDB /* DataMapping */ = {
			isa = PBXGroup;
			children = (
				01F0055928B5005E00B82BDB /* BookListRequestDTO.swift */,
				01F0055B28B5007000B82BDB /* BookListResponseDTO.swift */,
			);
			path = DataMapping;
			sourceTree = "<group>";
		};
		01F0053C28B4FD2000B82BDB /* Network */ = {
			isa = PBXGroup;
			children = (
				01F0055728B5004500B82BDB /* BookListAPIEndPoint.swift */,
			);
			path = Network;
			sourceTree = "<group>";
		};
		01F0053D28B4FD2800B82BDB /* Repositories */ = {
			isa = PBXGroup;
			children = (
				01F0055528B5000700B82BDB /* DefaultBookListRepository.swift */,
			);
			path = Repositories;
			sourceTree = "<group>";
		};
		01F0053E28B4FD4C00B82BDB /* Infrastructure */ = {
			isa = PBXGroup;
			children = (
				01F0053F28B4FD5800B82BDB /* Network */,
			);
			path = Infrastructure;
			sourceTree = "<group>";
		};
		01F0053F28B4FD5800B82BDB /* Network */ = {
			isa = PBXGroup;
			children = (
				01F0054328B4FE6600B82BDB /* NetworkService.swift */,
				01F0054528B4FE8400B82BDB /* HttpResponseCodeChecker.swift */,
				01F0054728B4FE9600B82BDB /* ConstantsForNetworking.swift */,
				01F0054928B4FEAA00B82BDB /* NetworkingError.swift */,
			);
			path = Network;
			sourceTree = "<group>";
		};
		01F0054028B4FD9600B82BDB /* AppLifecycle */ = {
			isa = PBXGroup;
			children = (
				01F0051E28B4FC6700B82BDB /* SceneDelegate.swift */,
				01F0051C28B4FC6700B82BDB /* AppDelegate.swift */,
			);
			path = AppLifecycle;
			sourceTree = "<group>";
		};
		01F0054B28B4FEBF00B82BDB /* Resources */ = {
			isa = PBXGroup;
			children = (
				01F0054C28B4FECC00B82BDB /* Constants.swift */,
			);
			path = Resources;
			sourceTree = "<group>";
		};
		01F0055D28B50CE000B82BDB /* PersistanceStorage */ = {
			isa = PBXGroup;
			children = (
			);
			path = PersistanceStorage;
			sourceTree = "<group>";
		};
		D3EBF59239B953556F45D4B1 /* Pods */ = {
			isa = PBXGroup;
			children = (
				62F6A680590A7B7CCF4D9540 /* Pods-DuneBooks.debug.xcconfig */,
				7A02F7189DC52ECE555F0A16 /* Pods-DuneBooks.release.xcconfig */,
			);
			path = Pods;
			sourceTree = "<group>";
		};
		FB640B477F49A072922EF034 /* Frameworks */ = {
			isa = PBXGroup;
			children = (
				D973347ED95CAE8ACC15E931 /* Pods_DuneBooks.framework */,
			);
			name = Frameworks;
			sourceTree = "<group>";
		};
/* End PBXGroup section */

/* Begin PBXNativeTarget section */
		01F0051828B4FC6700B82BDB /* DuneBooks */ = {
			isa = PBXNativeTarget;
			buildConfigurationList = 01F0052D28B4FC6D00B82BDB /* Build configuration list for PBXNativeTarget "DuneBooks" */;
			buildPhases = (
				A6A97288DC93CC1178AD3FFB /* [CP] Check Pods Manifest.lock */,
				01F0051528B4FC6700B82BDB /* Sources */,
				01F0051628B4FC6700B82BDB /* Frameworks */,
				01F0051728B4FC6700B82BDB /* Resources */,
				F423B54DC95ED1D4AD9F719D /* [CP] Embed Pods Frameworks */,
			);
			buildRules = (
			);
			dependencies = (
			);
			name = DuneBooks;
			productName = DuneBooks;
			productReference = 01F0051928B4FC6700B82BDB /* DuneBooks.app */;
			productType = "com.apple.product-type.application";
		};
/* End PBXNativeTarget section */

/* Begin PBXProject section */
		01F0051128B4FC6700B82BDB /* Project object */ = {
			isa = PBXProject;
			attributes = {
				BuildIndependentTargetsInParallel = 1;
				LastSwiftUpdateCheck = 1330;
				LastUpgradeCheck = 1330;
				TargetAttributes = {
					01F0051828B4FC6700B82BDB = {
						CreatedOnToolsVersion = 13.3;
					};
				};
			};
			buildConfigurationList = 01F0051428B4FC6700B82BDB /* Build configuration list for PBXProject "DuneBooks" */;
			compatibilityVersion = "Xcode 13.0";
			developmentRegion = en;
			hasScannedForEncodings = 0;
			knownRegions = (
				en,
				Base,
			);
			mainGroup = 01F0051028B4FC6700B82BDB;
			productRefGroup = 01F0051A28B4FC6700B82BDB /* Products */;
			projectDirPath = "";
			projectRoot = "";
			targets = (
				01F0051828B4FC6700B82BDB /* DuneBooks */,
			);
		};
/* End PBXProject section */

/* Begin PBXResourcesBuildPhase section */
		01F0051728B4FC6700B82BDB /* Resources */ = {
			isa = PBXResourcesBuildPhase;
			buildActionMask = 2147483647;
			files = (
				01F0052928B4FC6D00B82BDB /* LaunchScreen.storyboard in Resources */,
				01F0052628B4FC6D00B82BDB /* Assets.xcassets in Resources */,
				01F0052428B4FC6700B82BDB /* Main.storyboard in Resources */,
			);
			runOnlyForDeploymentPostprocessing = 0;
		};
/* End PBXResourcesBuildPhase section */

/* Begin PBXShellScriptBuildPhase section */
		A6A97288DC93CC1178AD3FFB /* [CP] Check Pods Manifest.lock */ = {
			isa = PBXShellScriptBuildPhase;
			buildActionMask = 2147483647;
			files = (
			);
			inputFileListPaths = (
			);
			inputPaths = (
				"${PODS_PODFILE_DIR_PATH}/Podfile.lock",
				"${PODS_ROOT}/Manifest.lock",
			);
			name = "[CP] Check Pods Manifest.lock";
			outputFileListPaths = (
			);
			outputPaths = (
				"$(DERIVED_FILE_DIR)/Pods-DuneBooks-checkManifestLockResult.txt",
			);
			runOnlyForDeploymentPostprocessing = 0;
			shellPath = /bin/sh;
			shellScript = "diff \"${PODS_PODFILE_DIR_PATH}/Podfile.lock\" \"${PODS_ROOT}/Manifest.lock\" > /dev/null\nif [ $? != 0 ] ; then\n    # print error to STDERR\n    echo \"error: The sandbox is not in sync with the Podfile.lock. Run 'pod install' or update your CocoaPods installation.\" >&2\n    exit 1\nfi\n# This output is used by Xcode 'outputs' to avoid re-running this script phase.\necho \"SUCCESS\" > \"${SCRIPT_OUTPUT_FILE_0}\"\n";
			showEnvVarsInLog = 0;
		};
		F423B54DC95ED1D4AD9F719D /* [CP] Embed Pods Frameworks */ = {
			isa = PBXShellScriptBuildPhase;
			buildActionMask = 2147483647;
			files = (
			);
			inputFileListPaths = (
				"${PODS_ROOT}/Target Support Files/Pods-DuneBooks/Pods-DuneBooks-frameworks-${CONFIGURATION}-input-files.xcfilelist",
			);
			name = "[CP] Embed Pods Frameworks";
			outputFileListPaths = (
				"${PODS_ROOT}/Target Support Files/Pods-DuneBooks/Pods-DuneBooks-frameworks-${CONFIGURATION}-output-files.xcfilelist",
			);
			runOnlyForDeploymentPostprocessing = 0;
			shellPath = /bin/sh;
			shellScript = "\"${PODS_ROOT}/Target Support Files/Pods-DuneBooks/Pods-DuneBooks-frameworks.sh\"\n";
			showEnvVarsInLog = 0;
		};
/* End PBXShellScriptBuildPhase section */

/* Begin PBXSourcesBuildPhase section */
		01F0051528B4FC6700B82BDB /* Sources */ = {
			isa = PBXSourcesBuildPhase;
			buildActionMask = 2147483647;
			files = (
				01F0054F28B4FF9000B82BDB /* BookListUseCase.swift in Sources */,
				0163E4A028B6019A00492686 /* BookDetailUseCase.swift in Sources */,
				0163E48C28B5EDA200492686 /* BookListItemViewModel.swift in Sources */,
				01F0055C28B5007000B82BDB /* BookListResponseDTO.swift in Sources */,
				01F0055628B5000700B82BDB /* DefaultBookListRepository.swift in Sources */,
				01F0054828B4FE9600B82BDB /* ConstantsForNetworking.swift in Sources */,
				01F0055328B4FFC800B82BDB /* BookListModel.swift in Sources */,
				01F0054428B4FE6600B82BDB /* NetworkService.swift in Sources */,
				01F0054A28B4FEAA00B82BDB /* NetworkingError.swift in Sources */,
				01F0052128B4FC6700B82BDB /* BookListViewController.swift in Sources */,
				01F0054228B4FDE900B82BDB /* BookListViewModel.swift in Sources */,
				0163E4A628B601D700492686 /* DefaultBookDetailRepository.swift in Sources */,
				0163E49E28B5F6EA00492686 /* BookDetailViewModel.swift in Sources */,
				01F0055A28B5005E00B82BDB /* BookListRequestDTO.swift in Sources */,
				0163E4AA28B601F700492686 /* BookDetailRequestDTO.swift in Sources */,
				01F0051D28B4FC6700B82BDB /* AppDelegate.swift in Sources */,
				0163E4AC28B6020400492686 /* BookDetailResponseDTO.swift in Sources */,
				01F0051F28B4FC6700B82BDB /* SceneDelegate.swift in Sources */,
				01F0055828B5004500B82BDB /* BookListAPIEndPoint.swift in Sources */,
				0163E49B28B5F6C500492686 /* BookDetailViewController.swift in Sources */,
				01F0055128B4FFAF00B82BDB /* BookListRepository.swift in Sources */,
				01F0054628B4FE8400B82BDB /* HttpResponseCodeChecker.swift in Sources */,
				0163E4A428B601B700492686 /* BookDetailModel.swift in Sources */,
				0163E4A228B601AB00492686 /* BookDetailRepository.swift in Sources */,
				01F0054D28B4FECC00B82BDB /* Constants.swift in Sources */,
				0163E4A828B601E700492686 /* BookDetailAPIEndPoint.swift in Sources */,
			);
			runOnlyForDeploymentPostprocessing = 0;
		};
/* End PBXSourcesBuildPhase section */

/* Begin PBXVariantGroup section */
		01F0052228B4FC6700B82BDB /* Main.storyboard */ = {
			isa = PBXVariantGroup;
			children = (
				01F0052328B4FC6700B82BDB /* Base */,
			);
			name = Main.storyboard;
			sourceTree = "<group>";
		};
		01F0052728B4FC6D00B82BDB /* LaunchScreen.storyboard */ = {
			isa = PBXVariantGroup;
			children = (
				01F0052828B4FC6D00B82BDB /* Base */,
			);
			name = LaunchScreen.storyboard;
			sourceTree = "<group>";
		};
/* End PBXVariantGroup section */

/* Begin XCBuildConfiguration section */
		01F0052B28B4FC6D00B82BDB /* Debug */ = {
			isa = XCBuildConfiguration;
			buildSettings = {
				ALWAYS_SEARCH_USER_PATHS = NO;
				CLANG_ANALYZER_NONNULL = YES;
				CLANG_ANALYZER_NUMBER_OBJECT_CONVERSION = YES_AGGRESSIVE;
				CLANG_CXX_LANGUAGE_STANDARD = "gnu++17";
				CLANG_ENABLE_MODULES = YES;
				CLANG_ENABLE_OBJC_ARC = YES;
				CLANG_ENABLE_OBJC_WEAK = YES;
				CLANG_WARN_BLOCK_CAPTURE_AUTORELEASING = YES;
				CLANG_WARN_BOOL_CONVERSION = YES;
				CLANG_WARN_COMMA = YES;
				CLANG_WARN_CONSTANT_CONVERSION = YES;
				CLANG_WARN_DEPRECATED_OBJC_IMPLEMENTATIONS = YES;
				CLANG_WARN_DIRECT_OBJC_ISA_USAGE = YES_ERROR;
				CLANG_WARN_DOCUMENTATION_COMMENTS = YES;
				CLANG_WARN_EMPTY_BODY = YES;
				CLANG_WARN_ENUM_CONVERSION = YES;
				CLANG_WARN_INFINITE_RECURSION = YES;
				CLANG_WARN_INT_CONVERSION = YES;
				CLANG_WARN_NON_LITERAL_NULL_CONVERSION = YES;
				CLANG_WARN_OBJC_IMPLICIT_RETAIN_SELF = YES;
				CLANG_WARN_OBJC_LITERAL_CONVERSION = YES;
				CLANG_WARN_OBJC_ROOT_CLASS = YES_ERROR;
				CLANG_WARN_QUOTED_INCLUDE_IN_FRAMEWORK_HEADER = YES;
				CLANG_WARN_RANGE_LOOP_ANALYSIS = YES;
				CLANG_WARN_STRICT_PROTOTYPES = YES;
				CLANG_WARN_SUSPICIOUS_MOVE = YES;
				CLANG_WARN_UNGUARDED_AVAILABILITY = YES_AGGRESSIVE;
				CLANG_WARN_UNREACHABLE_CODE = YES;
				CLANG_WARN__DUPLICATE_METHOD_MATCH = YES;
				COPY_PHASE_STRIP = NO;
				DEBUG_INFORMATION_FORMAT = dwarf;
				ENABLE_STRICT_OBJC_MSGSEND = YES;
				ENABLE_TESTABILITY = YES;
				GCC_C_LANGUAGE_STANDARD = gnu11;
				GCC_DYNAMIC_NO_PIC = NO;
				GCC_NO_COMMON_BLOCKS = YES;
				GCC_OPTIMIZATION_LEVEL = 0;
				GCC_PREPROCESSOR_DEFINITIONS = (
					"DEBUG=1",
					"$(inherited)",
				);
				GCC_WARN_64_TO_32_BIT_CONVERSION = YES;
				GCC_WARN_ABOUT_RETURN_TYPE = YES_ERROR;
				GCC_WARN_UNDECLARED_SELECTOR = YES;
				GCC_WARN_UNINITIALIZED_AUTOS = YES_AGGRESSIVE;
				GCC_WARN_UNUSED_FUNCTION = YES;
				GCC_WARN_UNUSED_VARIABLE = YES;
				IPHONEOS_DEPLOYMENT_TARGET = 15.4;
				MTL_ENABLE_DEBUG_INFO = INCLUDE_SOURCE;
				MTL_FAST_MATH = YES;
				ONLY_ACTIVE_ARCH = YES;
				SDKROOT = iphoneos;
				SWIFT_ACTIVE_COMPILATION_CONDITIONS = DEBUG;
				SWIFT_OPTIMIZATION_LEVEL = "-Onone";
			};
			name = Debug;
		};
		01F0052C28B4FC6D00B82BDB /* Release */ = {
			isa = XCBuildConfiguration;
			buildSettings = {
				ALWAYS_SEARCH_USER_PATHS = NO;
				CLANG_ANALYZER_NONNULL = YES;
				CLANG_ANALYZER_NUMBER_OBJECT_CONVERSION = YES_AGGRESSIVE;
				CLANG_CXX_LANGUAGE_STANDARD = "gnu++17";
				CLANG_ENABLE_MODULES = YES;
				CLANG_ENABLE_OBJC_ARC = YES;
				CLANG_ENABLE_OBJC_WEAK = YES;
				CLANG_WARN_BLOCK_CAPTURE_AUTORELEASING = YES;
				CLANG_WARN_BOOL_CONVERSION = YES;
				CLANG_WARN_COMMA = YES;
				CLANG_WARN_CONSTANT_CONVERSION = YES;
				CLANG_WARN_DEPRECATED_OBJC_IMPLEMENTATIONS = YES;
				CLANG_WARN_DIRECT_OBJC_ISA_USAGE = YES_ERROR;
				CLANG_WARN_DOCUMENTATION_COMMENTS = YES;
				CLANG_WARN_EMPTY_BODY = YES;
				CLANG_WARN_ENUM_CONVERSION = YES;
				CLANG_WARN_INFINITE_RECURSION = YES;
				CLANG_WARN_INT_CONVERSION = YES;
				CLANG_WARN_NON_LITERAL_NULL_CONVERSION = YES;
				CLANG_WARN_OBJC_IMPLICIT_RETAIN_SELF = YES;
				CLANG_WARN_OBJC_LITERAL_CONVERSION = YES;
				CLANG_WARN_OBJC_ROOT_CLASS = YES_ERROR;
				CLANG_WARN_QUOTED_INCLUDE_IN_FRAMEWORK_HEADER = YES;
				CLANG_WARN_RANGE_LOOP_ANALYSIS = YES;
				CLANG_WARN_STRICT_PROTOTYPES = YES;
				CLANG_WARN_SUSPICIOUS_MOVE = YES;
				CLANG_WARN_UNGUARDED_AVAILABILITY = YES_AGGRESSIVE;
				CLANG_WARN_UNREACHABLE_CODE = YES;
				CLANG_WARN__DUPLICATE_METHOD_MATCH = YES;
				COPY_PHASE_STRIP = NO;
				DEBUG_INFORMATION_FORMAT = "dwarf-with-dsym";
				ENABLE_NS_ASSERTIONS = NO;
				ENABLE_STRICT_OBJC_MSGSEND = YES;
				GCC_C_LANGUAGE_STANDARD = gnu11;
				GCC_NO_COMMON_BLOCKS = YES;
				GCC_WARN_64_TO_32_BIT_CONVERSION = YES;
				GCC_WARN_ABOUT_RETURN_TYPE = YES_ERROR;
				GCC_WARN_UNDECLARED_SELECTOR = YES;
				GCC_WARN_UNINITIALIZED_AUTOS = YES_AGGRESSIVE;
				GCC_WARN_UNUSED_FUNCTION = YES;
				GCC_WARN_UNUSED_VARIABLE = YES;
				IPHONEOS_DEPLOYMENT_TARGET = 15.4;
				MTL_ENABLE_DEBUG_INFO = NO;
				MTL_FAST_MATH = YES;
				SDKROOT = iphoneos;
				SWIFT_COMPILATION_MODE = wholemodule;
				SWIFT_OPTIMIZATION_LEVEL = "-O";
				VALIDATE_PRODUCT = YES;
			};
			name = Release;
		};
		01F0052E28B4FC6D00B82BDB /* Debug */ = {
			isa = XCBuildConfiguration;
			baseConfigurationReference = 62F6A680590A7B7CCF4D9540 /* Pods-DuneBooks.debug.xcconfig */;
			buildSettings = {
				ASSETCATALOG_COMPILER_APPICON_NAME = AppIcon;
				ASSETCATALOG_COMPILER_GLOBAL_ACCENT_COLOR_NAME = AccentColor;
				CODE_SIGN_STYLE = Automatic;
				CURRENT_PROJECT_VERSION = 1;
				DEVELOPMENT_TEAM = S83TL6GCMZ;
				GENERATE_INFOPLIST_FILE = YES;
				INFOPLIST_FILE = DuneBooks/Info.plist;
				INFOPLIST_KEY_UIApplicationSupportsIndirectInputEvents = YES;
				INFOPLIST_KEY_UILaunchStoryboardName = LaunchScreen;
				INFOPLIST_KEY_UIMainStoryboardFile = Main;
				INFOPLIST_KEY_UISupportedInterfaceOrientations_iPad = "UIInterfaceOrientationPortrait UIInterfaceOrientationPortraitUpsideDown UIInterfaceOrientationLandscapeLeft UIInterfaceOrientationLandscapeRight";
				INFOPLIST_KEY_UISupportedInterfaceOrientations_iPhone = "UIInterfaceOrientationPortrait UIInterfaceOrientationLandscapeLeft UIInterfaceOrientationLandscapeRight";
				LD_RUNPATH_SEARCH_PATHS = (
					"$(inherited)",
					"@executable_path/Frameworks",
				);
				MARKETING_VERSION = 1.0;
				PRODUCT_BUNDLE_IDENTIFIER = com.dhanajitkapali.DuneBooks;
				PRODUCT_NAME = "$(TARGET_NAME)";
				SWIFT_EMIT_LOC_STRINGS = YES;
				SWIFT_VERSION = 5.0;
				TARGETED_DEVICE_FAMILY = "1,2";
			};
			name = Debug;
		};
		01F0052F28B4FC6D00B82BDB /* Release */ = {
			isa = XCBuildConfiguration;
			baseConfigurationReference = 7A02F7189DC52ECE555F0A16 /* Pods-DuneBooks.release.xcconfig */;
			buildSettings = {
				ASSETCATALOG_COMPILER_APPICON_NAME = AppIcon;
				ASSETCATALOG_COMPILER_GLOBAL_ACCENT_COLOR_NAME = AccentColor;
				CODE_SIGN_STYLE = Automatic;
				CURRENT_PROJECT_VERSION = 1;
				DEVELOPMENT_TEAM = S83TL6GCMZ;
				GENERATE_INFOPLIST_FILE = YES;
				INFOPLIST_FILE = DuneBooks/Info.plist;
				INFOPLIST_KEY_UIApplicationSupportsIndirectInputEvents = YES;
				INFOPLIST_KEY_UILaunchStoryboardName = LaunchScreen;
				INFOPLIST_KEY_UIMainStoryboardFile = Main;
				INFOPLIST_KEY_UISupportedInterfaceOrientations_iPad = "UIInterfaceOrientationPortrait UIInterfaceOrientationPortraitUpsideDown UIInterfaceOrientationLandscapeLeft UIInterfaceOrientationLandscapeRight";
				INFOPLIST_KEY_UISupportedInterfaceOrientations_iPhone = "UIInterfaceOrientationPortrait UIInterfaceOrientationLandscapeLeft UIInterfaceOrientationLandscapeRight";
				LD_RUNPATH_SEARCH_PATHS = (
					"$(inherited)",
					"@executable_path/Frameworks",
				);
				MARKETING_VERSION = 1.0;
				PRODUCT_BUNDLE_IDENTIFIER = com.dhanajitkapali.DuneBooks;
				PRODUCT_NAME = "$(TARGET_NAME)";
				SWIFT_EMIT_LOC_STRINGS = YES;
				SWIFT_VERSION = 5.0;
				TARGETED_DEVICE_FAMILY = "1,2";
			};
			name = Release;
		};
/* End XCBuildConfiguration section */

/* Begin XCConfigurationList section */
		01F0051428B4FC6700B82BDB /* Build configuration list for PBXProject "DuneBooks" */ = {
			isa = XCConfigurationList;
			buildConfigurations = (
				01F0052B28B4FC6D00B82BDB /* Debug */,
				01F0052C28B4FC6D00B82BDB /* Release */,
			);
			defaultConfigurationIsVisible = 0;
			defaultConfigurationName = Release;
		};
		01F0052D28B4FC6D00B82BDB /* Build configuration list for PBXNativeTarget "DuneBooks" */ = {
			isa = XCConfigurationList;
			buildConfigurations = (
				01F0052E28B4FC6D00B82BDB /* Debug */,
				01F0052F28B4FC6D00B82BDB /* Release */,
			);
			defaultConfigurationIsVisible = 0;
			defaultConfigurationName = Release;
		};
/* End XCConfigurationList section */
	};
	rootObject = 01F0051128B4FC6700B82BDB /* Project object */;
}
